// !$*UTF8*$!
{
	archiveVersion = 1;
	classes = {
	};
	objectVersion = 56;
	objects = {

/* Begin PBXBuildFile section */
		DA0EA4322CA69305000E8A67 /* AuthViewModel.swift in Sources */ = {isa = PBXBuildFile; fileRef = DA0EA4312CA69305000E8A67 /* AuthViewModel.swift */; };
		DA0EA4342CA694BB000E8A67 /* AuthenticationView.swift in Sources */ = {isa = PBXBuildFile; fileRef = DA0EA4332CA694BB000E8A67 /* AuthenticationView.swift */; };
		DA0EA4362CA697EC000E8A67 /* SettingsView.swift in Sources */ = {isa = PBXBuildFile; fileRef = DA0EA4352CA697EC000E8A67 /* SettingsView.swift */; };
		DA19B2EA2CCA471000EDDD58 /* FirebaseStorageManager.swift in Sources */ = {isa = PBXBuildFile; fileRef = DA19B2E92CCA471000EDDD58 /* FirebaseStorageManager.swift */; };
		DA2A31332C89BF8A0078419D /* JP_EnergizeApp.swift in Sources */ = {isa = PBXBuildFile; fileRef = DA2A31322C89BF8A0078419D /* JP_EnergizeApp.swift */; };
		DA2A31352C89BF8A0078419D /* ContentView.swift in Sources */ = {isa = PBXBuildFile; fileRef = DA2A31342C89BF8A0078419D /* ContentView.swift */; };
		DA2A31372C89BF8B0078419D /* Assets.xcassets in Resources */ = {isa = PBXBuildFile; fileRef = DA2A31362C89BF8B0078419D /* Assets.xcassets */; };
		DA2A313A2C89BF8B0078419D /* Preview Assets.xcassets in Resources */ = {isa = PBXBuildFile; fileRef = DA2A31392C89BF8B0078419D /* Preview Assets.xcassets */; };
		DA2A31612C89FA740078419D /* README.md in Resources */ = {isa = PBXBuildFile; fileRef = DA2A31602C89FA740078419D /* README.md */; };
		DA38A18A2C91C1720032039B /* InverterModel.swift in Sources */ = {isa = PBXBuildFile; fileRef = DA38A1892C91C1720032039B /* InverterModel.swift */; };
		DA491BB12C946D070052F95F /* InverterAPIError.swift in Sources */ = {isa = PBXBuildFile; fileRef = DA491BB02C946D070052F95F /* InverterAPIError.swift */; };
		DA491BB52C946E3A0052F95F /* FirebaseAuth in Frameworks */ = {isa = PBXBuildFile; productRef = DA491BB42C946E3A0052F95F /* FirebaseAuth */; };
		DA491BB92C946E3A0052F95F /* FirebaseCrashlytics in Frameworks */ = {isa = PBXBuildFile; productRef = DA491BB82C946E3A0052F95F /* FirebaseCrashlytics */; };
		DA491BBB2C946E3A0052F95F /* FirebaseDatabase in Frameworks */ = {isa = PBXBuildFile; productRef = DA491BBA2C946E3A0052F95F /* FirebaseDatabase */; settings = {ATTRIBUTES = (Weak, ); }; };
		DA491BBD2C946E3A0052F95F /* FirebaseDynamicLinks in Frameworks */ = {isa = PBXBuildFile; productRef = DA491BBC2C946E3A0052F95F /* FirebaseDynamicLinks */; settings = {ATTRIBUTES = (Weak, ); }; };
		DA491BBF2C946E3A0052F95F /* FirebaseFirestore in Frameworks */ = {isa = PBXBuildFile; productRef = DA491BBE2C946E3A0052F95F /* FirebaseFirestore */; settings = {ATTRIBUTES = (Required, ); }; };
		DA491BC12C946E3A0052F95F /* FirebaseFirestoreCombine-Community in Frameworks */ = {isa = PBXBuildFile; productRef = DA491BC02C946E3A0052F95F /* FirebaseFirestoreCombine-Community */; settings = {ATTRIBUTES = (Weak, ); }; };
		DA491BC32C946E3A0052F95F /* FirebaseFunctions in Frameworks */ = {isa = PBXBuildFile; productRef = DA491BC22C946E3A0052F95F /* FirebaseFunctions */; settings = {ATTRIBUTES = (Weak, ); }; };
		DA491BC52C946E3A0052F95F /* FirebaseFunctionsCombine-Community in Frameworks */ = {isa = PBXBuildFile; productRef = DA491BC42C946E3A0052F95F /* FirebaseFunctionsCombine-Community */; settings = {ATTRIBUTES = (Weak, ); }; };
		DA491BC92C946E3A0052F95F /* FirebaseInstallations in Frameworks */ = {isa = PBXBuildFile; productRef = DA491BC82C946E3A0052F95F /* FirebaseInstallations */; settings = {ATTRIBUTES = (Weak, ); }; };
		DA491BCB2C946E3A0052F95F /* FirebaseMLModelDownloader in Frameworks */ = {isa = PBXBuildFile; productRef = DA491BCA2C946E3A0052F95F /* FirebaseMLModelDownloader */; settings = {ATTRIBUTES = (Weak, ); }; };
		DA491BCD2C946E3A0052F95F /* FirebaseMessaging in Frameworks */ = {isa = PBXBuildFile; productRef = DA491BCC2C946E3A0052F95F /* FirebaseMessaging */; settings = {ATTRIBUTES = (Weak, ); }; };
		DA491BCF2C946E3A0052F95F /* FirebasePerformance in Frameworks */ = {isa = PBXBuildFile; productRef = DA491BCE2C946E3A0052F95F /* FirebasePerformance */; settings = {ATTRIBUTES = (Weak, ); }; };
		DA491BD12C946E3A0052F95F /* FirebaseRemoteConfig in Frameworks */ = {isa = PBXBuildFile; productRef = DA491BD02C946E3A0052F95F /* FirebaseRemoteConfig */; settings = {ATTRIBUTES = (Weak, ); }; };
		DA491BD32C946E3A0052F95F /* FirebaseStorage in Frameworks */ = {isa = PBXBuildFile; productRef = DA491BD22C946E3A0052F95F /* FirebaseStorage */; settings = {ATTRIBUTES = (Weak, ); }; };
		DA491BD92C946F7F0052F95F /* DataInverterRepository.swift in Sources */ = {isa = PBXBuildFile; fileRef = DA491BD82C946F7F0052F95F /* DataInverterRepository.swift */; };
		DA491BDB2C94716F0052F95F /* InverterViewModel.swift in Sources */ = {isa = PBXBuildFile; fileRef = DA491BDA2C94716F0052F95F /* InverterViewModel.swift */; };
		DA491BDD2C9473430052F95F /* HomeView.swift in Sources */ = {isa = PBXBuildFile; fileRef = DA491BDC2C9473430052F95F /* HomeView.swift */; };
		DA64858A2C9C440A00091AAF /* HomePicker.swift in Sources */ = {isa = PBXBuildFile; fileRef = DA6485892C9C440A00091AAF /* HomePicker.swift */; };
		DA64858D2C9C64D200091AAF /* HomeChart.swift in Sources */ = {isa = PBXBuildFile; fileRef = DA64858C2C9C64D200091AAF /* HomeChart.swift */; };
		DA64C8342CA4897900541FE3 /* PanelDetailView.swift in Sources */ = {isa = PBXBuildFile; fileRef = DA64C8332CA4897900541FE3 /* PanelDetailView.swift */; };
		DA6BBD552CB6AF9E00B1F6B5 /* EditProfileSheet.swift in Sources */ = {isa = PBXBuildFile; fileRef = DA6BBD542CB6AF9E00B1F6B5 /* EditProfileSheet.swift */; };
		DA6BBD572CB6B25F00B1F6B5 /* ChangePasswordSheet.swift in Sources */ = {isa = PBXBuildFile; fileRef = DA6BBD562CB6B25F00B1F6B5 /* ChangePasswordSheet.swift */; };
		DA6BBD592CB6BEF700B1F6B5 /* ProfileViewModel.swift in Sources */ = {isa = PBXBuildFile; fileRef = DA6BBD582CB6BEF700B1F6B5 /* ProfileViewModel.swift */; };
		DA72E0C82C8F319300A43B0A /* GoogleService-Info.plist in Resources */ = {isa = PBXBuildFile; fileRef = DA72E0C72C8F319300A43B0A /* GoogleService-Info.plist */; };
		DA72E0CD2C8F32E300A43B0A /* FirebaseAnalytics in Frameworks */ = {isa = PBXBuildFile; productRef = DA72E0CC2C8F32E300A43B0A /* FirebaseAnalytics */; };
		DA72E0CF2C8F32E300A43B0A /* FirebaseAnalyticsOnDeviceConversion in Frameworks */ = {isa = PBXBuildFile; productRef = DA72E0CE2C8F32E300A43B0A /* FirebaseAnalyticsOnDeviceConversion */; settings = {ATTRIBUTES = (Weak, ); }; };
		DA72E0D12C8F32E300A43B0A /* FirebaseAnalyticsWithoutAdIdSupport in Frameworks */ = {isa = PBXBuildFile; productRef = DA72E0D02C8F32E300A43B0A /* FirebaseAnalyticsWithoutAdIdSupport */; settings = {ATTRIBUTES = (Weak, ); }; };
		DA72E0D32C8F32E300A43B0A /* FirebaseAppCheck in Frameworks */ = {isa = PBXBuildFile; productRef = DA72E0D22C8F32E300A43B0A /* FirebaseAppCheck */; settings = {ATTRIBUTES = (Weak, ); }; };
		DA72E0DB2C907EDF00A43B0A /* FirebaseAuthManager.swift in Sources */ = {isa = PBXBuildFile; fileRef = DA72E0DA2C907EDF00A43B0A /* FirebaseAuthManager.swift */; };
		DA932D222CAAC8C900C9C734 /* SignUpSheet.swift in Sources */ = {isa = PBXBuildFile; fileRef = DA932D212CAAC8C900C9C734 /* SignUpSheet.swift */; };
		DAA6BEE22CCFD9E80035E9A5 /* ForgotPasswordView.swift in Sources */ = {isa = PBXBuildFile; fileRef = DAA6BEE12CCFD9E80035E9A5 /* ForgotPasswordView.swift */; };
		DAC2C0732CB7FC3A00F6C35E /* ImageSheet.swift in Sources */ = {isa = PBXBuildFile; fileRef = DAC2C0722CB7FC3A00F6C35E /* ImageSheet.swift */; };
		DAC2C0752CB9128C00F6C35E /* ImagePicker.swift in Sources */ = {isa = PBXBuildFile; fileRef = DAC2C0742CB9128C00F6C35E /* ImagePicker.swift */; };
		DAE94DF02CB4144E003A38C4 /* StatisticSettingsSheetView.swift in Sources */ = {isa = PBXBuildFile; fileRef = DAE94DEF2CB4144E003A38C4 /* StatisticSettingsSheetView.swift */; };
		DAE94DF22CB5590C003A38C4 /* FirestoreManager.swift in Sources */ = {isa = PBXBuildFile; fileRef = DAE94DF12CB5590C003A38C4 /* FirestoreManager.swift */; };
		DAED8AF02CAEE16200F64194 /* Data.xcdatamodeld in Sources */ = {isa = PBXBuildFile; fileRef = DAED8AEE2CAEE16200F64194 /* Data.xcdatamodeld */; };
		DAED8AF22CAEE23B00F64194 /* PersistentStore.swift in Sources */ = {isa = PBXBuildFile; fileRef = DAED8AF12CAEE23B00F64194 /* PersistentStore.swift */; };
/* End PBXBuildFile section */

/* Begin PBXFileReference section */
		DA0EA4312CA69305000E8A67 /* AuthViewModel.swift */ = {isa = PBXFileReference; lastKnownFileType = sourcecode.swift; path = AuthViewModel.swift; sourceTree = "<group>"; };
		DA0EA4332CA694BB000E8A67 /* AuthenticationView.swift */ = {isa = PBXFileReference; lastKnownFileType = sourcecode.swift; path = AuthenticationView.swift; sourceTree = "<group>"; };
		DA0EA4352CA697EC000E8A67 /* SettingsView.swift */ = {isa = PBXFileReference; lastKnownFileType = sourcecode.swift; path = SettingsView.swift; sourceTree = "<group>"; };
		DA19B2E92CCA471000EDDD58 /* FirebaseStorageManager.swift */ = {isa = PBXFileReference; lastKnownFileType = sourcecode.swift; path = FirebaseStorageManager.swift; sourceTree = "<group>"; };
		DA2A312F2C89BF8A0078419D /* JP Energize.app */ = {isa = PBXFileReference; explicitFileType = wrapper.application; includeInIndex = 0; path = "JP Energize.app"; sourceTree = BUILT_PRODUCTS_DIR; };
		DA2A31322C89BF8A0078419D /* JP_EnergizeApp.swift */ = {isa = PBXFileReference; lastKnownFileType = sourcecode.swift; path = JP_EnergizeApp.swift; sourceTree = "<group>"; };
		DA2A31342C89BF8A0078419D /* ContentView.swift */ = {isa = PBXFileReference; lastKnownFileType = sourcecode.swift; path = ContentView.swift; sourceTree = "<group>"; };
		DA2A31362C89BF8B0078419D /* Assets.xcassets */ = {isa = PBXFileReference; lastKnownFileType = folder.assetcatalog; path = Assets.xcassets; sourceTree = "<group>"; };
		DA2A31392C89BF8B0078419D /* Preview Assets.xcassets */ = {isa = PBXFileReference; lastKnownFileType = folder.assetcatalog; path = "Preview Assets.xcassets"; sourceTree = "<group>"; };
		DA2A31602C89FA740078419D /* README.md */ = {isa = PBXFileReference; fileEncoding = 4; lastKnownFileType = net.daringfireball.markdown; name = README.md; path = ../README.md; sourceTree = "<group>"; };
		DA38A1892C91C1720032039B /* InverterModel.swift */ = {isa = PBXFileReference; lastKnownFileType = sourcecode.swift; path = InverterModel.swift; sourceTree = "<group>"; };
		DA491BB02C946D070052F95F /* InverterAPIError.swift */ = {isa = PBXFileReference; lastKnownFileType = sourcecode.swift; path = InverterAPIError.swift; sourceTree = "<group>"; };
		DA491BD82C946F7F0052F95F /* DataInverterRepository.swift */ = {isa = PBXFileReference; lastKnownFileType = sourcecode.swift; path = DataInverterRepository.swift; sourceTree = "<group>"; };
		DA491BDA2C94716F0052F95F /* InverterViewModel.swift */ = {isa = PBXFileReference; lastKnownFileType = sourcecode.swift; path = InverterViewModel.swift; sourceTree = "<group>"; };
		DA491BDC2C9473430052F95F /* HomeView.swift */ = {isa = PBXFileReference; lastKnownFileType = sourcecode.swift; path = HomeView.swift; sourceTree = "<group>"; };
		DA6485892C9C440A00091AAF /* HomePicker.swift */ = {isa = PBXFileReference; lastKnownFileType = sourcecode.swift; path = HomePicker.swift; sourceTree = "<group>"; };
		DA64858C2C9C64D200091AAF /* HomeChart.swift */ = {isa = PBXFileReference; lastKnownFileType = sourcecode.swift; path = HomeChart.swift; sourceTree = "<group>"; };
		DA64C8332CA4897900541FE3 /* PanelDetailView.swift */ = {isa = PBXFileReference; lastKnownFileType = sourcecode.swift; path = PanelDetailView.swift; sourceTree = "<group>"; };
		DA6BBD542CB6AF9E00B1F6B5 /* EditProfileSheet.swift */ = {isa = PBXFileReference; lastKnownFileType = sourcecode.swift; path = EditProfileSheet.swift; sourceTree = "<group>"; };
		DA6BBD562CB6B25F00B1F6B5 /* ChangePasswordSheet.swift */ = {isa = PBXFileReference; lastKnownFileType = sourcecode.swift; path = ChangePasswordSheet.swift; sourceTree = "<group>"; };
		DA6BBD582CB6BEF700B1F6B5 /* ProfileViewModel.swift */ = {isa = PBXFileReference; lastKnownFileType = sourcecode.swift; path = ProfileViewModel.swift; sourceTree = "<group>"; };
		DA72E0C72C8F319300A43B0A /* GoogleService-Info.plist */ = {isa = PBXFileReference; fileEncoding = 4; lastKnownFileType = text.plist.xml; path = "GoogleService-Info.plist"; sourceTree = "<group>"; };
		DA72E0DA2C907EDF00A43B0A /* FirebaseAuthManager.swift */ = {isa = PBXFileReference; lastKnownFileType = sourcecode.swift; path = FirebaseAuthManager.swift; sourceTree = "<group>"; };
		DA932D212CAAC8C900C9C734 /* SignUpSheet.swift */ = {isa = PBXFileReference; lastKnownFileType = sourcecode.swift; path = SignUpSheet.swift; sourceTree = "<group>"; };
		DAA6BEE12CCFD9E80035E9A5 /* ForgotPasswordView.swift */ = {isa = PBXFileReference; lastKnownFileType = sourcecode.swift; path = ForgotPasswordView.swift; sourceTree = "<group>"; };
		DAC2C0722CB7FC3A00F6C35E /* ImageSheet.swift */ = {isa = PBXFileReference; lastKnownFileType = sourcecode.swift; path = ImageSheet.swift; sourceTree = "<group>"; };
		DAC2C0742CB9128C00F6C35E /* ImagePicker.swift */ = {isa = PBXFileReference; lastKnownFileType = sourcecode.swift; path = ImagePicker.swift; sourceTree = "<group>"; };
		DAE94DEF2CB4144E003A38C4 /* StatisticSettingsSheetView.swift */ = {isa = PBXFileReference; lastKnownFileType = sourcecode.swift; path = StatisticSettingsSheetView.swift; sourceTree = "<group>"; };
		DAE94DF12CB5590C003A38C4 /* FirestoreManager.swift */ = {isa = PBXFileReference; lastKnownFileType = sourcecode.swift; path = FirestoreManager.swift; sourceTree = "<group>"; };
		DAED8AEF2CAEE16200F64194 /* Data.xcdatamodel */ = {isa = PBXFileReference; lastKnownFileType = wrapper.xcdatamodel; path = Data.xcdatamodel; sourceTree = "<group>"; };
		DAED8AF12CAEE23B00F64194 /* PersistentStore.swift */ = {isa = PBXFileReference; lastKnownFileType = sourcecode.swift; path = PersistentStore.swift; sourceTree = "<group>"; };
/* End PBXFileReference section */

/* Begin PBXFrameworksBuildPhase section */
		DA2A312C2C89BF8A0078419D /* Frameworks */ = {
			isa = PBXFrameworksBuildPhase;
			buildActionMask = 2147483647;
			files = (
				DA491BCD2C946E3A0052F95F /* FirebaseMessaging in Frameworks */,
				DA491BCB2C946E3A0052F95F /* FirebaseMLModelDownloader in Frameworks */,
				DA72E0D32C8F32E300A43B0A /* FirebaseAppCheck in Frameworks */,
				DA491BB52C946E3A0052F95F /* FirebaseAuth in Frameworks */,
				DA72E0CD2C8F32E300A43B0A /* FirebaseAnalytics in Frameworks */,
				DA72E0D12C8F32E300A43B0A /* FirebaseAnalyticsWithoutAdIdSupport in Frameworks */,
				DA491BB92C946E3A0052F95F /* FirebaseCrashlytics in Frameworks */,
				DA491BBB2C946E3A0052F95F /* FirebaseDatabase in Frameworks */,
				DA491BC52C946E3A0052F95F /* FirebaseFunctionsCombine-Community in Frameworks */,
				DA491BD32C946E3A0052F95F /* FirebaseStorage in Frameworks */,
				DA72E0CF2C8F32E300A43B0A /* FirebaseAnalyticsOnDeviceConversion in Frameworks */,
				DA491BC32C946E3A0052F95F /* FirebaseFunctions in Frameworks */,
				DA491BC92C946E3A0052F95F /* FirebaseInstallations in Frameworks */,
				DA491BCF2C946E3A0052F95F /* FirebasePerformance in Frameworks */,
				DA491BC12C946E3A0052F95F /* FirebaseFirestoreCombine-Community in Frameworks */,
				DA491BBF2C946E3A0052F95F /* FirebaseFirestore in Frameworks */,
				DA491BBD2C946E3A0052F95F /* FirebaseDynamicLinks in Frameworks */,
				DA491BD12C946E3A0052F95F /* FirebaseRemoteConfig in Frameworks */,
			);
			runOnlyForDeploymentPostprocessing = 0;
		};
/* End PBXFrameworksBuildPhase section */

/* Begin PBXGroup section */
		DA2A31262C89BF8A0078419D = {
			isa = PBXGroup;
			children = (
				DA2A31602C89FA740078419D /* README.md */,
				DA2A31312C89BF8A0078419D /* JP Energize */,
				DA2A31302C89BF8A0078419D /* Products */,
				DA72E0D62C9030DB00A43B0A /* Frameworks */,
			);
			sourceTree = "<group>";
		};
		DA2A31302C89BF8A0078419D /* Products */ = {
			isa = PBXGroup;
			children = (
				DA2A312F2C89BF8A0078419D /* JP Energize.app */,
			);
			name = Products;
			sourceTree = "<group>";
		};
		DA2A31312C89BF8A0078419D /* JP Energize */ = {
			isa = PBXGroup;
			children = (
				DA72E0C72C8F319300A43B0A /* GoogleService-Info.plist */,
				DA2A31322C89BF8A0078419D /* JP_EnergizeApp.swift */,
				DA2A31342C89BF8A0078419D /* ContentView.swift */,
				DA2A315C2C89BFA90078419D /* Data */,
				DA491BAE2C946B8F0052F95F /* Utilities */,
				DA72E0D92C907EBC00A43B0A /* Firebase */,
				DAED8AED2CAEE0DC00F64194 /* CoreData */,
				DA491BAC2C946B890052F95F /* Repository */,
				DA491BAD2C946B8C0052F95F /* ViewModel */,
				DA491BAF2C946BF60052F95F /* Views */,
				DA6485882C9C43E700091AAF /* Picker */,
				DA64858B2C9C64AC00091AAF /* Charts */,
				DA932D202CAAC8A800C9C734 /* Sheets */,
				DA2A31362C89BF8B0078419D /* Assets.xcassets */,
				DA2A31382C89BF8B0078419D /* Preview Content */,
			);
			path = "JP Energize";
			sourceTree = "<group>";
		};
		DA2A31382C89BF8B0078419D /* Preview Content */ = {
			isa = PBXGroup;
			children = (
				DA2A31392C89BF8B0078419D /* Preview Assets.xcassets */,
			);
			path = "Preview Content";
			sourceTree = "<group>";
		};
		DA2A315C2C89BFA90078419D /* Data */ = {
			isa = PBXGroup;
			children = (
				DA2A315D2C89BFB60078419D /* Model */,
			);
			path = Data;
			sourceTree = "<group>";
		};
		DA2A315D2C89BFB60078419D /* Model */ = {
			isa = PBXGroup;
			children = (
				DA38A1892C91C1720032039B /* InverterModel.swift */,
			);
			path = Model;
			sourceTree = "<group>";
		};
		DA491BAC2C946B890052F95F /* Repository */ = {
			isa = PBXGroup;
			children = (
				DA491BD82C946F7F0052F95F /* DataInverterRepository.swift */,
			);
			path = Repository;
			sourceTree = "<group>";
		};
		DA491BAD2C946B8C0052F95F /* ViewModel */ = {
			isa = PBXGroup;
			children = (
				DA491BDA2C94716F0052F95F /* InverterViewModel.swift */,
				DA0EA4312CA69305000E8A67 /* AuthViewModel.swift */,
				DA6BBD582CB6BEF700B1F6B5 /* ProfileViewModel.swift */,
			);
			path = ViewModel;
			sourceTree = "<group>";
		};
		DA491BAE2C946B8F0052F95F /* Utilities */ = {
			isa = PBXGroup;
			children = (
				DA491BB02C946D070052F95F /* InverterAPIError.swift */,
			);
			path = Utilities;
			sourceTree = "<group>";
		};
		DA491BAF2C946BF60052F95F /* Views */ = {
			isa = PBXGroup;
			children = (
				DA491BDC2C9473430052F95F /* HomeView.swift */,
				DA64C8332CA4897900541FE3 /* PanelDetailView.swift */,
				DA0EA4332CA694BB000E8A67 /* AuthenticationView.swift */,
				DA0EA4352CA697EC000E8A67 /* SettingsView.swift */,
				DAA6BEE12CCFD9E80035E9A5 /* ForgotPasswordView.swift */,
			);
			path = Views;
			sourceTree = "<group>";
		};
		DA6485882C9C43E700091AAF /* Picker */ = {
			isa = PBXGroup;
			children = (
				DA6485892C9C440A00091AAF /* HomePicker.swift */,
				DAC2C0742CB9128C00F6C35E /* ImagePicker.swift */,
			);
			path = Picker;
			sourceTree = "<group>";
		};
		DA64858B2C9C64AC00091AAF /* Charts */ = {
			isa = PBXGroup;
			children = (
				DA64858C2C9C64D200091AAF /* HomeChart.swift */,
			);
			path = Charts;
			sourceTree = "<group>";
		};
		DA72E0D62C9030DB00A43B0A /* Frameworks */ = {
			isa = PBXGroup;
			children = (
			);
			name = Frameworks;
			sourceTree = "<group>";
		};
		DA72E0D92C907EBC00A43B0A /* Firebase */ = {
			isa = PBXGroup;
			children = (
				DA72E0DA2C907EDF00A43B0A /* FirebaseAuthManager.swift */,
				DAE94DF12CB5590C003A38C4 /* FirestoreManager.swift */,
				DA19B2E92CCA471000EDDD58 /* FirebaseStorageManager.swift */,
			);
			path = Firebase;
			sourceTree = "<group>";
		};
		DA932D202CAAC8A800C9C734 /* Sheets */ = {
			isa = PBXGroup;
			children = (
				DA932D212CAAC8C900C9C734 /* SignUpSheet.swift */,
				DAE94DEF2CB4144E003A38C4 /* StatisticSettingsSheetView.swift */,
				DA6BBD542CB6AF9E00B1F6B5 /* EditProfileSheet.swift */,
				DA6BBD562CB6B25F00B1F6B5 /* ChangePasswordSheet.swift */,
				DAC2C0722CB7FC3A00F6C35E /* ImageSheet.swift */,
			);
			path = Sheets;
			sourceTree = "<group>";
		};
		DAED8AED2CAEE0DC00F64194 /* CoreData */ = {
			isa = PBXGroup;
			children = (
				DAED8AF12CAEE23B00F64194 /* PersistentStore.swift */,
				DAED8AEE2CAEE16200F64194 /* Data.xcdatamodeld */,
			);
			path = CoreData;
			sourceTree = "<group>";
		};
/* End PBXGroup section */

/* Begin PBXNativeTarget section */
		DA2A312E2C89BF8A0078419D /* JP Energize */ = {
			isa = PBXNativeTarget;
			buildConfigurationList = DA2A31532C89BF8B0078419D /* Build configuration list for PBXNativeTarget "JP Energize" */;
			buildPhases = (
				DA2A312B2C89BF8A0078419D /* Sources */,
				DA2A312C2C89BF8A0078419D /* Frameworks */,
				DA2A312D2C89BF8A0078419D /* Resources */,
			);
			buildRules = (
			);
			dependencies = (
			);
			name = "JP Energize";
			packageProductDependencies = (
				DA72E0CC2C8F32E300A43B0A /* FirebaseAnalytics */,
				DA72E0CE2C8F32E300A43B0A /* FirebaseAnalyticsOnDeviceConversion */,
				DA72E0D02C8F32E300A43B0A /* FirebaseAnalyticsWithoutAdIdSupport */,
				DA72E0D22C8F32E300A43B0A /* FirebaseAppCheck */,
				DA491BB42C946E3A0052F95F /* FirebaseAuth */,
				DA491BB82C946E3A0052F95F /* FirebaseCrashlytics */,
				DA491BBA2C946E3A0052F95F /* FirebaseDatabase */,
				DA491BBC2C946E3A0052F95F /* FirebaseDynamicLinks */,
				DA491BBE2C946E3A0052F95F /* FirebaseFirestore */,
				DA491BC02C946E3A0052F95F /* FirebaseFirestoreCombine-Community */,
				DA491BC22C946E3A0052F95F /* FirebaseFunctions */,
				DA491BC42C946E3A0052F95F /* FirebaseFunctionsCombine-Community */,
				DA491BC82C946E3A0052F95F /* FirebaseInstallations */,
				DA491BCA2C946E3A0052F95F /* FirebaseMLModelDownloader */,
				DA491BCC2C946E3A0052F95F /* FirebaseMessaging */,
				DA491BCE2C946E3A0052F95F /* FirebasePerformance */,
				DA491BD02C946E3A0052F95F /* FirebaseRemoteConfig */,
				DA491BD22C946E3A0052F95F /* FirebaseStorage */,
			);
			productName = "JP Energize";
			productReference = DA2A312F2C89BF8A0078419D /* JP Energize.app */;
			productType = "com.apple.product-type.application";
		};
/* End PBXNativeTarget section */

/* Begin PBXProject section */
		DA2A31272C89BF8A0078419D /* Project object */ = {
			isa = PBXProject;
			attributes = {
				BuildIndependentTargetsInParallel = 1;
				LastSwiftUpdateCheck = 1540;
				LastUpgradeCheck = 1540;
				TargetAttributes = {
					DA2A312E2C89BF8A0078419D = {
						CreatedOnToolsVersion = 15.4;
					};
				};
			};
			buildConfigurationList = DA2A312A2C89BF8A0078419D /* Build configuration list for PBXProject "JP Energize" */;
			compatibilityVersion = "Xcode 14.0";
			developmentRegion = en;
			hasScannedForEncodings = 0;
			knownRegions = (
				en,
				Base,
			);
			mainGroup = DA2A31262C89BF8A0078419D;
			packageReferences = (
				DA72E0CB2C8F32E300A43B0A /* XCRemoteSwiftPackageReference "firebase-ios-sdk" */,
			);
			productRefGroup = DA2A31302C89BF8A0078419D /* Products */;
			projectDirPath = "";
			projectRoot = "";
			targets = (
				DA2A312E2C89BF8A0078419D /* JP Energize */,
			);
		};
/* End PBXProject section */

/* Begin PBXResourcesBuildPhase section */
		DA2A312D2C89BF8A0078419D /* Resources */ = {
			isa = PBXResourcesBuildPhase;
			buildActionMask = 2147483647;
			files = (
				DA2A31612C89FA740078419D /* README.md in Resources */,
				DA2A313A2C89BF8B0078419D /* Preview Assets.xcassets in Resources */,
				DA72E0C82C8F319300A43B0A /* GoogleService-Info.plist in Resources */,
				DA2A31372C89BF8B0078419D /* Assets.xcassets in Resources */,
			);
			runOnlyForDeploymentPostprocessing = 0;
		};
/* End PBXResourcesBuildPhase section */

/* Begin PBXSourcesBuildPhase section */
		DA2A312B2C89BF8A0078419D /* Sources */ = {
			isa = PBXSourcesBuildPhase;
			buildActionMask = 2147483647;
			files = (
				DA0EA4362CA697EC000E8A67 /* SettingsView.swift in Sources */,
				DA6BBD552CB6AF9E00B1F6B5 /* EditProfileSheet.swift in Sources */,
				DAE94DF22CB5590C003A38C4 /* FirestoreManager.swift in Sources */,
				DAC2C0732CB7FC3A00F6C35E /* ImageSheet.swift in Sources */,
				DA491BDD2C9473430052F95F /* HomeView.swift in Sources */,
				DA72E0DB2C907EDF00A43B0A /* FirebaseAuthManager.swift in Sources */,
				DA64C8342CA4897900541FE3 /* PanelDetailView.swift in Sources */,
				DA38A18A2C91C1720032039B /* InverterModel.swift in Sources */,
				DAA6BEE22CCFD9E80035E9A5 /* ForgotPasswordView.swift in Sources */,
				DA491BB12C946D070052F95F /* InverterAPIError.swift in Sources */,
				DA2A31352C89BF8A0078419D /* ContentView.swift in Sources */,
				DAED8AF02CAEE16200F64194 /* Data.xcdatamodeld in Sources */,
				DAED8AF22CAEE23B00F64194 /* PersistentStore.swift in Sources */,
				DA6BBD572CB6B25F00B1F6B5 /* ChangePasswordSheet.swift in Sources */,
				DA491BD92C946F7F0052F95F /* DataInverterRepository.swift in Sources */,
				DA64858D2C9C64D200091AAF /* HomeChart.swift in Sources */,
				DA491BDB2C94716F0052F95F /* InverterViewModel.swift in Sources */,
				DA0EA4322CA69305000E8A67 /* AuthViewModel.swift in Sources */,
				DAE94DF02CB4144E003A38C4 /* StatisticSettingsSheetView.swift in Sources */,
				DA932D222CAAC8C900C9C734 /* SignUpSheet.swift in Sources */,
				DA6BBD592CB6BEF700B1F6B5 /* ProfileViewModel.swift in Sources */,
				DA0EA4342CA694BB000E8A67 /* AuthenticationView.swift in Sources */,
				DAC2C0752CB9128C00F6C35E /* ImagePicker.swift in Sources */,
				DA19B2EA2CCA471000EDDD58 /* FirebaseStorageManager.swift in Sources */,
				DA2A31332C89BF8A0078419D /* JP_EnergizeApp.swift in Sources */,
				DA64858A2C9C440A00091AAF /* HomePicker.swift in Sources */,
			);
			runOnlyForDeploymentPostprocessing = 0;
		};
/* End PBXSourcesBuildPhase section */

/* Begin XCBuildConfiguration section */
		DA2A31512C89BF8B0078419D /* Debug */ = {
			isa = XCBuildConfiguration;
			buildSettings = {
				ALWAYS_SEARCH_USER_PATHS = NO;
				ASSETCATALOG_COMPILER_GENERATE_SWIFT_ASSET_SYMBOL_EXTENSIONS = YES;
				CLANG_ANALYZER_NONNULL = YES;
				CLANG_ANALYZER_NUMBER_OBJECT_CONVERSION = YES_AGGRESSIVE;
				CLANG_CXX_LANGUAGE_STANDARD = "gnu++20";
				CLANG_ENABLE_MODULES = YES;
				CLANG_ENABLE_OBJC_ARC = YES;
				CLANG_ENABLE_OBJC_WEAK = YES;
				CLANG_WARN_BLOCK_CAPTURE_AUTORELEASING = YES;
				CLANG_WARN_BOOL_CONVERSION = YES;
				CLANG_WARN_COMMA = YES;
				CLANG_WARN_CONSTANT_CONVERSION = YES;
				CLANG_WARN_DEPRECATED_OBJC_IMPLEMENTATIONS = YES;
				CLANG_WARN_DIRECT_OBJC_ISA_USAGE = YES_ERROR;
				CLANG_WARN_DOCUMENTATION_COMMENTS = YES;
				CLANG_WARN_EMPTY_BODY = YES;
				CLANG_WARN_ENUM_CONVERSION = YES;
				CLANG_WARN_INFINITE_RECURSION = YES;
				CLANG_WARN_INT_CONVERSION = YES;
				CLANG_WARN_NON_LITERAL_NULL_CONVERSION = YES;
				CLANG_WARN_OBJC_IMPLICIT_RETAIN_SELF = YES;
				CLANG_WARN_OBJC_LITERAL_CONVERSION = YES;
				CLANG_WARN_OBJC_ROOT_CLASS = YES_ERROR;
				CLANG_WARN_QUOTED_INCLUDE_IN_FRAMEWORK_HEADER = YES;
				CLANG_WARN_RANGE_LOOP_ANALYSIS = YES;
				CLANG_WARN_STRICT_PROTOTYPES = YES;
				CLANG_WARN_SUSPICIOUS_MOVE = YES;
				CLANG_WARN_UNGUARDED_AVAILABILITY = YES_AGGRESSIVE;
				CLANG_WARN_UNREACHABLE_CODE = YES;
				CLANG_WARN__DUPLICATE_METHOD_MATCH = YES;
				COPY_PHASE_STRIP = NO;
				DEBUG_INFORMATION_FORMAT = dwarf;
				ENABLE_STRICT_OBJC_MSGSEND = YES;
				ENABLE_TESTABILITY = YES;
				ENABLE_USER_SCRIPT_SANDBOXING = YES;
				GCC_C_LANGUAGE_STANDARD = gnu17;
				GCC_DYNAMIC_NO_PIC = NO;
				GCC_NO_COMMON_BLOCKS = YES;
				GCC_OPTIMIZATION_LEVEL = 0;
				GCC_PREPROCESSOR_DEFINITIONS = (
					"DEBUG=1",
					"$(inherited)",
				);
				GCC_WARN_64_TO_32_BIT_CONVERSION = YES;
				GCC_WARN_ABOUT_RETURN_TYPE = YES_ERROR;
				GCC_WARN_UNDECLARED_SELECTOR = YES;
				GCC_WARN_UNINITIALIZED_AUTOS = YES_AGGRESSIVE;
				GCC_WARN_UNUSED_FUNCTION = YES;
				GCC_WARN_UNUSED_VARIABLE = YES;
				IPHONEOS_DEPLOYMENT_TARGET = 17.5;
				LOCALIZATION_PREFERS_STRING_CATALOGS = YES;
				MTL_ENABLE_DEBUG_INFO = INCLUDE_SOURCE;
				MTL_FAST_MATH = YES;
				ONLY_ACTIVE_ARCH = YES;
				SDKROOT = iphoneos;
				SWIFT_ACTIVE_COMPILATION_CONDITIONS = "DEBUG $(inherited)";
				SWIFT_OPTIMIZATION_LEVEL = "-Onone";
			};
			name = Debug;
		};
		DA2A31522C89BF8B0078419D /* Release */ = {
			isa = XCBuildConfiguration;
			buildSettings = {
				ALWAYS_SEARCH_USER_PATHS = NO;
				ASSETCATALOG_COMPILER_GENERATE_SWIFT_ASSET_SYMBOL_EXTENSIONS = YES;
				CLANG_ANALYZER_NONNULL = YES;
				CLANG_ANALYZER_NUMBER_OBJECT_CONVERSION = YES_AGGRESSIVE;
				CLANG_CXX_LANGUAGE_STANDARD = "gnu++20";
				CLANG_ENABLE_MODULES = YES;
				CLANG_ENABLE_OBJC_ARC = YES;
				CLANG_ENABLE_OBJC_WEAK = YES;
				CLANG_WARN_BLOCK_CAPTURE_AUTORELEASING = YES;
				CLANG_WARN_BOOL_CONVERSION = YES;
				CLANG_WARN_COMMA = YES;
				CLANG_WARN_CONSTANT_CONVERSION = YES;
				CLANG_WARN_DEPRECATED_OBJC_IMPLEMENTATIONS = YES;
				CLANG_WARN_DIRECT_OBJC_ISA_USAGE = YES_ERROR;
				CLANG_WARN_DOCUMENTATION_COMMENTS = YES;
				CLANG_WARN_EMPTY_BODY = YES;
				CLANG_WARN_ENUM_CONVERSION = YES;
				CLANG_WARN_INFINITE_RECURSION = YES;
				CLANG_WARN_INT_CONVERSION = YES;
				CLANG_WARN_NON_LITERAL_NULL_CONVERSION = YES;
				CLANG_WARN_OBJC_IMPLICIT_RETAIN_SELF = YES;
				CLANG_WARN_OBJC_LITERAL_CONVERSION = YES;
				CLANG_WARN_OBJC_ROOT_CLASS = YES_ERROR;
				CLANG_WARN_QUOTED_INCLUDE_IN_FRAMEWORK_HEADER = YES;
				CLANG_WARN_RANGE_LOOP_ANALYSIS = YES;
				CLANG_WARN_STRICT_PROTOTYPES = YES;
				CLANG_WARN_SUSPICIOUS_MOVE = YES;
				CLANG_WARN_UNGUARDED_AVAILABILITY = YES_AGGRESSIVE;
				CLANG_WARN_UNREACHABLE_CODE = YES;
				CLANG_WARN__DUPLICATE_METHOD_MATCH = YES;
				COPY_PHASE_STRIP = NO;
				DEBUG_INFORMATION_FORMAT = "dwarf-with-dsym";
				ENABLE_NS_ASSERTIONS = NO;
				ENABLE_STRICT_OBJC_MSGSEND = YES;
				ENABLE_USER_SCRIPT_SANDBOXING = YES;
				GCC_C_LANGUAGE_STANDARD = gnu17;
				GCC_NO_COMMON_BLOCKS = YES;
				GCC_WARN_64_TO_32_BIT_CONVERSION = YES;
				GCC_WARN_ABOUT_RETURN_TYPE = YES_ERROR;
				GCC_WARN_UNDECLARED_SELECTOR = YES;
				GCC_WARN_UNINITIALIZED_AUTOS = YES_AGGRESSIVE;
				GCC_WARN_UNUSED_FUNCTION = YES;
				GCC_WARN_UNUSED_VARIABLE = YES;
				IPHONEOS_DEPLOYMENT_TARGET = 17.5;
				LOCALIZATION_PREFERS_STRING_CATALOGS = YES;
				MTL_ENABLE_DEBUG_INFO = NO;
				MTL_FAST_MATH = YES;
				SDKROOT = iphoneos;
				SWIFT_COMPILATION_MODE = wholemodule;
				VALIDATE_PRODUCT = YES;
			};
			name = Release;
		};
		DA2A31542C89BF8B0078419D /* Debug */ = {
			isa = XCBuildConfiguration;
			buildSettings = {
				ASSETCATALOG_COMPILER_APPICON_NAME = AppIcon;
				ASSETCATALOG_COMPILER_GLOBAL_ACCENT_COLOR_NAME = AccentColor;
				CODE_SIGN_STYLE = Automatic;
				CURRENT_PROJECT_VERSION = 1;
				DEVELOPMENT_ASSET_PATHS = "\"JP Energize/Preview Content\"";
				ENABLE_PREVIEWS = YES;
				GENERATE_INFOPLIST_FILE = YES;
				INFOPLIST_KEY_UIApplicationSceneManifest_Generation = YES;
				INFOPLIST_KEY_UIApplicationSupportsIndirectInputEvents = YES;
				INFOPLIST_KEY_UILaunchScreen_Generation = YES;
				INFOPLIST_KEY_UISupportedInterfaceOrientations_iPad = "UIInterfaceOrientationPortrait UIInterfaceOrientationPortraitUpsideDown UIInterfaceOrientationLandscapeLeft UIInterfaceOrientationLandscapeRight";
				INFOPLIST_KEY_UISupportedInterfaceOrientations_iPhone = "UIInterfaceOrientationPortrait UIInterfaceOrientationLandscapeLeft UIInterfaceOrientationLandscapeRight";
				IPHONEOS_DEPLOYMENT_TARGET = 17.0;
				LD_RUNPATH_SEARCH_PATHS = (
					"$(inherited)",
					"@executable_path/Frameworks",
				);
				MARKETING_VERSION = 1.0;
				PRODUCT_BUNDLE_IDENTIFIER = "codingSyntaxSwiftUI.JP-Energize";
				PRODUCT_NAME = "$(TARGET_NAME)";
				SWIFT_EMIT_LOC_STRINGS = YES;
				SWIFT_VERSION = 5.0;
				TARGETED_DEVICE_FAMILY = "1,2";
			};
			name = Debug;
		};
		DA2A31552C89BF8B0078419D /* Release */ = {
			isa = XCBuildConfiguration;
			buildSettings = {
				ASSETCATALOG_COMPILER_APPICON_NAME = AppIcon;
				ASSETCATALOG_COMPILER_GLOBAL_ACCENT_COLOR_NAME = AccentColor;
				CODE_SIGN_STYLE = Automatic;
				CURRENT_PROJECT_VERSION = 1;
				DEVELOPMENT_ASSET_PATHS = "\"JP Energize/Preview Content\"";
				ENABLE_PREVIEWS = YES;
				GENERATE_INFOPLIST_FILE = YES;
				INFOPLIST_KEY_UIApplicationSceneManifest_Generation = YES;
				INFOPLIST_KEY_UIApplicationSupportsIndirectInputEvents = YES;
				INFOPLIST_KEY_UILaunchScreen_Generation = YES;
				INFOPLIST_KEY_UISupportedInterfaceOrientations_iPad = "UIInterfaceOrientationPortrait UIInterfaceOrientationPortraitUpsideDown UIInterfaceOrientationLandscapeLeft UIInterfaceOrientationLandscapeRight";
				INFOPLIST_KEY_UISupportedInterfaceOrientations_iPhone = "UIInterfaceOrientationPortrait UIInterfaceOrientationLandscapeLeft UIInterfaceOrientationLandscapeRight";
				IPHONEOS_DEPLOYMENT_TARGET = 17.0;
				LD_RUNPATH_SEARCH_PATHS = (
					"$(inherited)",
					"@executable_path/Frameworks",
				);
				MARKETING_VERSION = 1.0;
				PRODUCT_BUNDLE_IDENTIFIER = "codingSyntaxSwiftUI.JP-Energize";
				PRODUCT_NAME = "$(TARGET_NAME)";
				SWIFT_EMIT_LOC_STRINGS = YES;
				SWIFT_VERSION = 5.0;
				TARGETED_DEVICE_FAMILY = "1,2";
			};
			name = Release;
		};
/* End XCBuildConfiguration section */

/* Begin XCConfigurationList section */
		DA2A312A2C89BF8A0078419D /* Build configuration list for PBXProject "JP Energize" */ = {
			isa = XCConfigurationList;
			buildConfigurations = (
				DA2A31512C89BF8B0078419D /* Debug */,
				DA2A31522C89BF8B0078419D /* Release */,
			);
			defaultConfigurationIsVisible = 0;
			defaultConfigurationName = Release;
		};
		DA2A31532C89BF8B0078419D /* Build configuration list for PBXNativeTarget "JP Energize" */ = {
			isa = XCConfigurationList;
			buildConfigurations = (
				DA2A31542C89BF8B0078419D /* Debug */,
				DA2A31552C89BF8B0078419D /* Release */,
			);
			defaultConfigurationIsVisible = 0;
			defaultConfigurationName = Release;
		};
/* End XCConfigurationList section */

/* Begin XCRemoteSwiftPackageReference section */
		DA72E0CB2C8F32E300A43B0A /* XCRemoteSwiftPackageReference "firebase-ios-sdk" */ = {
			isa = XCRemoteSwiftPackageReference;
			repositoryURL = "https://github.com/firebase/firebase-ios-sdk";
			requirement = {
				kind = upToNextMajorVersion;
				minimumVersion = 11.1.0;
			};
		};
/* End XCRemoteSwiftPackageReference section */

/* Begin XCSwiftPackageProductDependency section */
		DA491BB42C946E3A0052F95F /* FirebaseAuth */ = {
			isa = XCSwiftPackageProductDependency;
			package = DA72E0CB2C8F32E300A43B0A /* XCRemoteSwiftPackageReference "firebase-ios-sdk" */;
			productName = FirebaseAuth;
		};
		DA491BB82C946E3A0052F95F /* FirebaseCrashlytics */ = {
			isa = XCSwiftPackageProductDependency;
			package = DA72E0CB2C8F32E300A43B0A /* XCRemoteSwiftPackageReference "firebase-ios-sdk" */;
			productName = FirebaseCrashlytics;
		};
		DA491BBA2C946E3A0052F95F /* FirebaseDatabase */ = {
			isa = XCSwiftPackageProductDependency;
			package = DA72E0CB2C8F32E300A43B0A /* XCRemoteSwiftPackageReference "firebase-ios-sdk" */;
			productName = FirebaseDatabase;
		};
		DA491BBC2C946E3A0052F95F /* FirebaseDynamicLinks */ = {
			isa = XCSwiftPackageProductDependency;
			package = DA72E0CB2C8F32E300A43B0A /* XCRemoteSwiftPackageReference "firebase-ios-sdk" */;
			productName = FirebaseDynamicLinks;
		};
		DA491BBE2C946E3A0052F95F /* FirebaseFirestore */ = {
			isa = XCSwiftPackageProductDependency;
			package = DA72E0CB2C8F32E300A43B0A /* XCRemoteSwiftPackageReference "firebase-ios-sdk" */;
			productName = FirebaseFirestore;
		};
		DA491BC02C946E3A0052F95F /* FirebaseFirestoreCombine-Community */ = {
			isa = XCSwiftPackageProductDependency;
			package = DA72E0CB2C8F32E300A43B0A /* XCRemoteSwiftPackageReference "firebase-ios-sdk" */;
			productName = "FirebaseFirestoreCombine-Community";
		};
		DA491BC22C946E3A0052F95F /* FirebaseFunctions */ = {
			isa = XCSwiftPackageProductDependency;
			package = DA72E0CB2C8F32E300A43B0A /* XCRemoteSwiftPackageReference "firebase-ios-sdk" */;
			productName = FirebaseFunctions;
		};
		DA491BC42C946E3A0052F95F /* FirebaseFunctionsCombine-Community */ = {
			isa = XCSwiftPackageProductDependency;
			package = DA72E0CB2C8F32E300A43B0A /* XCRemoteSwiftPackageReference "firebase-ios-sdk" */;
			productName = "FirebaseFunctionsCombine-Community";
		};
		DA491BC82C946E3A0052F95F /* FirebaseInstallations */ = {
			isa = XCSwiftPackageProductDependency;
			package = DA72E0CB2C8F32E300A43B0A /* XCRemoteSwiftPackageReference "firebase-ios-sdk" */;
			productName = FirebaseInstallations;
		};
		DA491BCA2C946E3A0052F95F /* FirebaseMLModelDownloader */ = {
			isa = XCSwiftPackageProductDependency;
			package = DA72E0CB2C8F32E300A43B0A /* XCRemoteSwiftPackageReference "firebase-ios-sdk" */;
			productName = FirebaseMLModelDownloader;
		};
		DA491BCC2C946E3A0052F95F /* FirebaseMessaging */ = {
			isa = XCSwiftPackageProductDependency;
			package = DA72E0CB2C8F32E300A43B0A /* XCRemoteSwiftPackageReference "firebase-ios-sdk" */;
			productName = FirebaseMessaging;
		};
		DA491BCE2C946E3A0052F95F /* FirebasePerformance */ = {
			isa = XCSwiftPackageProductDependency;
			package = DA72E0CB2C8F32E300A43B0A /* XCRemoteSwiftPackageReference "firebase-ios-sdk" */;
			productName = FirebasePerformance;
		};
		DA491BD02C946E3A0052F95F /* FirebaseRemoteConfig */ = {
			isa = XCSwiftPackageProductDependency;
			package = DA72E0CB2C8F32E300A43B0A /* XCRemoteSwiftPackageReference "firebase-ios-sdk" */;
			productName = FirebaseRemoteConfig;
		};
		DA491BD22C946E3A0052F95F /* FirebaseStorage */ = {
			isa = XCSwiftPackageProductDependency;
			package = DA72E0CB2C8F32E300A43B0A /* XCRemoteSwiftPackageReference "firebase-ios-sdk" */;
			productName = FirebaseStorage;
		};
		DA72E0CC2C8F32E300A43B0A /* FirebaseAnalytics */ = {
			isa = XCSwiftPackageProductDependency;
			package = DA72E0CB2C8F32E300A43B0A /* XCRemoteSwiftPackageReference "firebase-ios-sdk" */;
			productName = FirebaseAnalytics;
		};
		DA72E0CE2C8F32E300A43B0A /* FirebaseAnalyticsOnDeviceConversion */ = {
			isa = XCSwiftPackageProductDependency;
			package = DA72E0CB2C8F32E300A43B0A /* XCRemoteSwiftPackageReference "firebase-ios-sdk" */;
			productName = FirebaseAnalyticsOnDeviceConversion;
		};
		DA72E0D02C8F32E300A43B0A /* FirebaseAnalyticsWithoutAdIdSupport */ = {
			isa = XCSwiftPackageProductDependency;
			package = DA72E0CB2C8F32E300A43B0A /* XCRemoteSwiftPackageReference "firebase-ios-sdk" */;
			productName = FirebaseAnalyticsWithoutAdIdSupport;
		};
		DA72E0D22C8F32E300A43B0A /* FirebaseAppCheck */ = {
			isa = XCSwiftPackageProductDependency;
			package = DA72E0CB2C8F32E300A43B0A /* XCRemoteSwiftPackageReference "firebase-ios-sdk" */;
			productName = FirebaseAppCheck;
		};
/* End XCSwiftPackageProductDependency section */

/* Begin XCVersionGroup section */
		DAED8AEE2CAEE16200F64194 /* Data.xcdatamodeld */ = {
			isa = XCVersionGroup;
			children = (
				DAED8AEF2CAEE16200F64194 /* Data.xcdatamodel */,
			);
			currentVersion = DAED8AEF2CAEE16200F64194 /* Data.xcdatamodel */;
			path = Data.xcdatamodeld;
			sourceTree = "<group>";
			versionGroupType = wrapper.xcdatamodel;
		};
/* End XCVersionGroup section */
	};
	rootObject = DA2A31272C89BF8A0078419D /* Project object */;
}
